{
  "name": "siddur-build",
  "version": "1.0.0",
  "lockfileVersion": 3,
  "requires": true,
  "packages": {
    "": {
      "name": "siddur-build",
      "version": "1.0.0",
      "license": "ISC",
      "dependencies": {
        "hebrew-transliteration": "^2.11.0"
      }
    },
    "node_modules/havarotjs": {
      "version": "0.25.4",
      "resolved": "https://registry.npmjs.org/havarotjs/-/havarotjs-0.25.4.tgz",
      "integrity": "sha512-DKXQ3GGfNVQxkW2ZY8bYDbTh0GuOX3/hotRiVQCDTksY1k/M283oQjfgBgXg0vO4HvCLl2WDW7EfLWaKUH7S4Q==",
      "license": "MIT",
      "engines": {
        "node": ">=15.0.0"
      }
    },
    "node_modules/hebrew-transliteration": {
      "version": "2.11.0",
      "resolved": "https://registry.npmjs.org/hebrew-transliteration/-/hebrew-transliteration-2.11.0.tgz",
      "integrity": "sha512-LA+bn3zY/daJy9/hJJZxXloC7VEZXubG1MMcXMUZkn57RxEWevLxtJmwjT5goUxhLdmAcA41M2sK730imRcxpA==",
      "license": "MIT",
      "dependencies": {
        "havarotjs": "0.25.4"
      },
      "engines": {
        "node": ">=20.19"
      }
    }
  }
}
